cel.dev/expr v0.25.1 h1:1KrZg61W6TWSxuNZ37Xy49ps13NUovb66QLprthtwi4=
cel.dev/expr v0.25.1/go.mod h1:hrXvqGP6G6gyx8UAHSHJ5RGk//1Oj5nXQ2NI02Nrsg4=
cloud.google.com/go v0.26.0/go.mod h1:aQUYkXzVsufM+DwF1aE+0xfcU+56JwCaLick0ClmMTw=
cloud.google.com/go v0.34.0/go.mod h1:aQUYkXzVsufM+DwF1aE+0xfcU+56JwCaLick0ClmMTw=
cloud.google.com/go v0.38.0/go.mod h1:990N+gfupTy94rShfmMCWGDn0LpTmnzTp2qbd1dvSRU=
cloud.google.com/go v0.41.0/go.mod h1:OauMR7DV8fzvZIl2qg6rkaIhD/vmgk4iwEw/h6ercmg=
cloud.google.com/go v0.123.0 h1:2NAUJwPR47q+E35uaJeYoNhuNEM9kM8SjgRgdeOJUSE=
cloud.google.com/go v0.123.0/go.mod h1:xBoMV08QcqUGuPW65Qfm1o9Y4zKZBpGS+7bImXLTAZU=
cloud.google.com/go/auth v0.18.1 h1:IwTEx92GFUo2pJ6Qea0EU3zYvKnTAeRCODxfA/G5UWs=
cloud.google.com/go/auth v0.18.1/go.mod h1:GfTYoS9G3CWpRA3Va9doKN9mjPGRS+v41jmZAhBzbrA=
cloud.google.com/go/auth/oauth2adapt v0.2.8 h1:keo8NaayQZ6wimpNSmW5OPc283g65QNIiLpZnkHRbnc=
cloud.google.com/go/auth/oauth2adapt v0.2.8/go.mod h1:XQ9y31RkqZCcwJWNSx2Xvric3RrU88hAYYbjDWYDL+c=
cloud.google.com/go/cloudtasks v1.13.7 h1:H2v8GEolNtMFfYzUpZBaZbydqU7drpyo99GtAgA+m4I=
cloud.google.com/go/cloudtasks v1.13.7/go.mod h1:H0TThOUG+Ml34e2+ZtW6k6nt4i9KuH3nYAJ5mxh7OM4=
cloud.google.com/go/compute/metadata v0.9.0 h1:pDUj4QMoPejqq20dK0Pg2N4yG9zIkYGdBtwLoEkH9Zs=
cloud.google.com/go/compute/metadata v0.9.0/go.mod h1:E0bWwX5wTnLPedCKqk3pJmVgCBSM6qQI1yTBdEb3C10=
cloud.google.com/go/datastore v1.21.0 h1:dUrYq47ysCA4nM7u8kRT0WnbfXc6TzX49cP3TCwIiA0=
cloud.google.com/go/datastore v1.21.0/go.mod h1:9l+KyAHO+YVVcdBbNQZJu8svF17Nw5sMKuFR0LYf1nY=
cloud.google.com/go/iam v1.5.3 h1:+vMINPiDF2ognBJ97ABAYYwRgsaqxPbQDlMnbHMjolc=
cloud.google.com/go/iam v1.5.3/go.mod h1:MR3v9oLkZCTlaqljW6Eb2d3HGDGK5/bDv93jhfISFvU=
cloud.google.com/go/logging v1.13.1 h1:O7LvmO0kGLaHY/gq8cV7T0dyp6zJhYAOtZPX4TF3QtY=
cloud.google.com/go/logging v1.13.1/go.mod h1:XAQkfkMBxQRjQek96WLPNze7vsOmay9H5PqfsNYDqvw=
cloud.google.com/go/longrunning v0.7.0 h1:FV0+SYF1RIj59gyoWDRi45GiYUMM3K1qO51qoboQT1E=
cloud.google.com/go/longrunning v0.7.0/go.mod h1:ySn2yXmjbK9Ba0zsQqunhDkYi0+9rlXIwnoAf+h+TPY=
cloud.google.com/go/monitoring v1.24.3 h1:dde+gMNc0UhPZD1Azu6at2e79bfdztVDS5lvhOdsgaE=
cloud.google.com/go/monitoring v1.24.3/go.mod h1:nYP6W0tm3N9H/bOw8am7t62YTzZY+zUeQ+Bi6+2eonI=
cloud.google.com/go/secretmanager v1.16.0 h1:19QT7ZsLJ8FSP1k+4esQvuCD7npMJml6hYzilxVyT+k=
cloud.google.com/go/secretmanager v1.16.0/go.mod h1://C/e4I8D26SDTz1f3TQcddhcmiC3rMEl0S1Cakvs3Q=
cloud.google.com/go/storage v1.59.2 h1:gmOAuG1opU8YvycMNpP+DvHfT9BfzzK5Cy+arP+Nocw=
cloud.google.com/go/storage v1.59.2/go.mod h1:cMWbtM+anpC74gn6qjLh+exqYcfmB9Hqe5z6adx+CLI=
cloud.google.com/go/trace v1.11.7 h1:kDNDX8JkaAG3R2nq1lIdkb7FCSi1rCmsEtKVsty7p+U=
cloud.google.com/go/trace v1.11.7/go.mod h1:TNn9d5V3fQVf6s4SCveVMIBS2LJUqo73GACmq/Tky0s=
github.com/BurntSushi/toml v0.3.1/go.mod h1:xHWCNGjB5oqiDr8zfno3MHue2Ht5sIBksp03qcyfWMU=
github.com/BurntSushi/xgb v0.0.0-20160522181843-27f122750802/go.mod h1:IVnqGOEym/WlBOVXweHU+Q+/VP0lqqI8lqeDx9IjBqo=
github.com/BurntSushi/xgb v0.0.0-20200324125942-20f126ea2843 h1:3iF31c7rp7nGZVDv7YQ+VxOgpipVfPKotLXykjZmwM8=
github.com/BurntSushi/xgb v0.0.0-20200324125942-20f126ea2843/go.mod h1:IVnqGOEym/WlBOVXweHU+Q+/VP0lqqI8lqeDx9IjBqo=
github.com/BurntSushi/xgbutil v0.0.0-20160919175755-f7c97cef3b4e/go.mod h1:uw9h2sd4WWHOPdJ13MQpwK5qYWKYDumDqxWWIknEQ+k=
github.com/BurntSushi/xgbutil v0.0.0-20190907113008-ad855c713046 h1:O/r2Sj+8QcMF7V5IcmiE2sMFV2q3J47BEirxbXJAdzA=
github.com/BurntSushi/xgbutil v0.0.0-20190907113008-ad855c713046/go.mod h1:uw9h2sd4WWHOPdJ13MQpwK5qYWKYDumDqxWWIknEQ+k=
github.com/GoogleCloudPlatform/opentelemetry-operations-go/detectors/gcp v1.30.0 h1:sBEjpZlNHzK1voKq9695PJSX2o5NEXl7/OL3coiIY0c=
github.com/GoogleCloudPlatform/opentelemetry-operations-go/detectors/gcp v1.30.0/go.mod h1:P4WPRUkOhJC13W//jWpyfJNDAIpvRbAUIYLX/4jtlE0=
github.com/GoogleCloudPlatform/opentelemetry-operations-go/exporter/metric v0.54.0 h1:lhhYARPUu3LmHysQ/igznQphfzynnqI3D75oUyw1HXk=
github.com/GoogleCloudPlatform/opentelemetry-operations-go/exporter/metric v0.54.0/go.mod h1:l9rva3ApbBpEJxSNYnwT9N4CDLrWgtq3u8736C5hyJw=
github.com/GoogleCloudPlatform/opentelemetry-operations-go/internal/cloudmock v0.54.0 h1:xfK3bbi6F2RDtaZFtUdKO3osOBIhNb+xTs8lFW6yx9o=
github.com/GoogleCloudPlatform/opentelemetry-operations-go/internal/cloudmock v0.54.0/go.mod h1:vB2GH9GAYYJTO3mEn8oYwzEdhlayZIdQz6zdzgUIRvA=
github.com/GoogleCloudPlatform/opentelemetry-operations-go/internal/resourcemapping v0.54.0 h1:s0WlVbf9qpvkh1c/uDAPElam0WrL7fHRIidgZJ7UqZI=
github.com/GoogleCloudPlatform/opentelemetry-operations-go/internal/resourcemapping v0.54.0/go.mod h1:Mf6O40IAyB9zR/1J8nGDDPirZQQPbYJni8Yisy7NTMc=
github.com/armon/go-socks5 v0.0.0-20160902184237-e75332964ef5 h1:0CwZNZbxp69SHPdPJAN/hZIm0C4OItdklCFmMRWYpio=
github.com/armon/go-socks5 v0.0.0-20160902184237-e75332964ef5/go.mod h1:wHh0iHkYZB8zMSxRWpUBQtwG5a7fFgvEO+odwuTv2gs=
github.com/blang/semver v3.5.1+incompatible h1:cQNTCjp13qL8KC3Nbxr/y2Bqb63oX6wdnnjpJbkM4JQ=
github.com/blang/semver v3.5.1+incompatible/go.mod h1:kRBLl5iJ+tD4TcOOxsy/0fnwebNt5EWlYSAyrTnjyyk=
github.com/cenkalti/backoff/v3 v3.0.0/go.mod h1:cIeZDE3IrqwwJl6VUwCN6trj1oXrTS4rc0ij+ULvLYs=
github.com/cenkalti/backoff/v3 v3.2.2 h1:cfUAAO3yvKMYKPrvhDuHSwQnhZNk/RMHKdZqKTxfm6M=
github.com/cenkalti/backoff/v3 v3.2.2/go.mod h1:cIeZDE3IrqwwJl6VUwCN6trj1oXrTS4rc0ij+ULvLYs=
github.com/cespare/xxhash/v2 v2.3.0 h1:UL815xU9SqsFlibzuggzjXhog7bL6oX9BbNZnL2UFvs=
github.com/cespare/xxhash/v2 v2.3.0/go.mod h1:VGX0DQ3Q6kWi7AoAeZDth3/j3BFtOZR5XLFGgcrjCOs=
github.com/client9/misspell v0.3.4/go.mod h1:qj6jICC3Q7zFZvVWo7KLAzC3yx5G7kyvSDkc90ppPyw=
github.com/cncf/xds/go v0.0.0-20251210132809-ee656c7534f5 h1:6xNmx7iTtyBRev0+D/Tv1FZd4SCg8axKApyNyRsAt/w=
github.com/cncf/xds/go v0.0.0-20251210132809-ee656c7534f5/go.mod h1:KdCmV+x/BuvyMxRnYBlmVaq4OLiKW6iRQfvC62cvdkI=
github.com/davecgh/go-spew v1.1.0/go.mod h1:J7Y8YcW2NihsgmVo/mv3lAwl/skON4iLHjSsI+c5H38=
github.com/davecgh/go-spew v1.1.2-0.20180830191138-d8f796af33cc h1:U9qPSI2PIWSS1VwoXQT9A3Wy9MM3WgvqSxFWenqJduM=
github.com/davecgh/go-spew v1.1.2-0.20180830191138-d8f796af33cc/go.mod h1:J7Y8YcW2NihsgmVo/mv3lAwl/skON4iLHjSsI+c5H38=
github.com/deckarep/golang-set v1.8.0 h1:sk9/l/KqpunDwP7pSjUg0keiOOLEnOBHzykLrsPppp4=
github.com/deckarep/golang-set v1.8.0/go.mod h1:5nI87KwE7wgsBU1F4GKAw2Qod7p5kyS383rP6+o6qqo=
github.com/dgryski/go-farm v0.0.0-20240924180020-3414d57e47da h1:aIftn67I1fkbMa512G+w+Pxci9hJPB8oMnkcP3iZF38=
github.com/dgryski/go-farm v0.0.0-20240924180020-3414d57e47da/go.mod h1:SqUrOPUnsFjfmXRMNPybcSiG0BgUW2AuFH8PAnS2iTw=
github.com/docopt/docopt-go v0.0.0-20180111231733-ee0de3bc6815/go.mod h1:WwZ+bS3ebgob9U8Nd0kOddGdZWjyMGR8Wziv+TBNwSE=
github.com/envoyproxy/go-control-plane v0.13.5-0.20251024222203-75eaa193e329 h1:K+fnvUM0VZ7ZFJf0n4L/BRlnsb9pL/GuDG6FqaH+PwM=
github.com/envoyproxy/go-control-plane v0.13.5-0.20251024222203-75eaa193e329/go.mod h1:Alz8LEClvR7xKsrq3qzoc4N0guvVNSS8KmSChGYr9hs=
github.com/envoyproxy/go-control-plane/envoy v1.36.0 h1:yg/JjO5E7ubRyKX3m07GF3reDNEnfOboJ0QySbH736g=
github.com/envoyproxy/go-control-plane/envoy v1.36.0/go.mod h1:ty89S1YCCVruQAm9OtKeEkQLTb+Lkz0k8v9W0Oxsv98=
github.com/envoyproxy/go-control-plane/ratelimit v0.1.0 h1:/G9QYbddjL25KvtKTv3an9lx6VBE2cnb8wp1vEGNYGI=
github.com/envoyproxy/go-control-plane/ratelimit v0.1.0/go.mod h1:Wk+tMFAFbCXaJPzVVHnPgRKdUdwW/KdbRt94AzgRee4=
github.com/envoyproxy/protoc-gen-validate v1.3.0 h1:TvGH1wof4H33rezVKWSpqKz5NXWg5VPuZ0uONDT6eb4=
github.com/envoyproxy/protoc-gen-validate v1.3.0/go.mod h1:HvYl7zwPa5mffgyeTUHA9zHIH36nmrm7oCbo4YKoSWA=
github.com/fatih/camelcase v1.0.0 h1:hxNvNX/xYBp0ovncs8WyWZrOrpBNub/JfaMvbURyft8=
github.com/fatih/camelcase v1.0.0/go.mod h1:yN2Sb0lFhZJUdVvtELVWefmrXpuZESvPmqwoZc+/fpc=
github.com/felixge/httpsnoop v1.0.4 h1:NFTV2Zj1bL4mc9sqWACXbQFVBBg2W3GPvqp8/ESS2Wg=
github.com/felixge/httpsnoop v1.0.4/go.mod h1:m8KPJKqk1gH5J9DgRY2ASl2lWCfGKXixSwevea8zH2U=
github.com/go-jose/go-jose/v4 v4.1.3 h1:CVLmWDhDVRa6Mi/IgCgaopNosCaHz7zrMeF9MlZRkrs=
github.com/go-jose/go-jose/v4 v4.1.3/go.mod h1:x4oUasVrzR7071A4TnHLGSPpNOm2a21K9Kf04k1rs08=
github.com/go-logr/logr v1.2.2/go.mod h1:jdQByPbusPIv2/zmleS9BjJVeZ6kBagPoEUsqbVz/1A=
github.com/go-logr/logr v1.4.3 h1:CjnDlHq8ikf6E492q6eKboGOC0T8CDaOvkHCIg8idEI=
github.com/go-logr/logr v1.4.3/go.mod h1:9T104GzyrTigFIr8wt5mBrctHMim0Nb2HLGrmQ40KvY=
github.com/go-logr/stdr v1.2.2 h1:hSWxHoqTgW2S2qGc0LTAI563KZ5YKYRhT3MFKZMbjag=
github.com/go-logr/stdr v1.2.2/go.mod h1:mMo/vtBO5dYbehREoey6XUKy/eSumjCCveDpRre4VKE=
github.com/gobwas/glob v0.2.3 h1:A4xDbljILXROh+kObIiy5kIaPYD8e96x1tgBhUI5J+Y=
github.com/gobwas/glob v0.2.3/go.mod h1:d3Ez4x06l9bZtSvzIay5+Yzi0fmZzPgnTbPcKjJAkT8=
github.com/golang-jwt/jwt v3.2.2+incompatible h1:IfV12K8xAKAnZqdXVzCZ+TOjboZ2keLg81eXfW3O+oY=
github.com/golang-jwt/jwt v3.2.2+incompatible/go.mod h1:8pz2t5EyA70fFQQSrl6XZXzqecmYZeUEB8OUGHkxJ+I=
github.com/golang-jwt/jwt/v4 v4.5.2 h1:YtQM7lnr8iZ+j5q71MGKkNw9Mn7AjHM68uc9g5fXeUI=
github.com/golang-jwt/jwt/v4 v4.5.2/go.mod h1:m21LjoU+eqJr34lmDMbreY2eSTRJ1cv77w39/MY0Ch0=
github.com/golang/glog v0.0.0-20160126235308-23def4e6c14b/go.mod h1:SBH7ygxi8pfUlaOkMMuAQtPIUF8ecWP5IEl/CR7VP2Q=
github.com/golang/glog v1.2.5 h1:DrW6hGnjIhtvhOIiAKT6Psh/Kd/ldepEa81DKeiRJ5I=
github.com/golang/glog v1.2.5/go.mod h1:6AhwSGph0fcJtXVM/PEHPqZlFeoLxhs7/t5UDAwmO+w=
github.com/golang/groupcache v0.0.0-20241129210726-2c02b8208cf8 h1:f+oWsMOmNPc8JmEHVZIycC7hBoQxHH9pNKQORJNozsQ=
github.com/golang/groupcache v0.0.0-20241129210726-2c02b8208cf8/go.mod h1:wcDNUvekVysuuOpQKo3191zZyTpiI6se1N1ULghS0sw=
github.com/golang/mock v1.1.1/go.mod h1:oTYuIxOrZwtPieC+H1uAHpcLFnEyAGVDL/k47Jfbm0A=
github.com/golang/mock v1.2.0/go.mod h1:oTYuIxOrZwtPieC+H1uAHpcLFnEyAGVDL/k47Jfbm0A=
github.com/golang/mock v1.3.1/go.mod h1:sBzyDLLjw3U8JLTeZvSv8jJB+tU5PVekmnlKIyFUx0Y=
github.com/golang/protobuf v1.2.0/go.mod h1:6lQm79b+lXiMfvg/cZm0SGofjICqVBUtrP5yJMmIC1U=
github.com/golang/protobuf v1.3.1/go.mod h1:6lQm79b+lXiMfvg/cZm0SGofjICqVBUtrP5yJMmIC1U=
github.com/golang/protobuf v1.5.4 h1:i7eJL8qZTpSEXOPTxNKhASYpMn+8e5Q6AdndVa1dWek=
github.com/golang/protobuf v1.5.4/go.mod h1:lnTiLA8Wa4RWRcIUkrtSVa5nRhsEGBg48fD6rSs7xps=
github.com/gomodule/redigo v1.9.3 h1:dNPSXeXv6HCq2jdyWfjgmhBdqnR6PRO3m/G05nvpPC8=
github.com/gomodule/redigo v1.9.3/go.mod h1:KsU3hiK/Ay8U42qpaJk+kuNa3C+spxapWpM+ywhcgtw=
github.com/google/btree v0.0.0-20180813153112-4030bb1f1f0c/go.mod h1:lNA+9X1NB3Zf8V7Ke586lFgjr2dZNuvo3lPJSGZ5JPQ=
github.com/google/btree v1.0.0/go.mod h1:lNA+9X1NB3Zf8V7Ke586lFgjr2dZNuvo3lPJSGZ5JPQ=
github.com/google/go-cmp v0.2.0/go.mod h1:oXzfMopK8JAjlY9xF4vHSVASa0yLyX7SntLO5aqRK0M=
github.com/google/go-cmp v0.3.0/go.mod h1:8QqcDgzrUqlUb/G2PQTWiueGozuR1884gddMywk6iLU=
github.com/google/go-cmp v0.6.0/go.mod h1:17dUlkBOakJ0+DkrSSNjCkIjxS6bF9zb3elmeNGIjoY=
github.com/google/go-cmp v0.7.0 h1:wk8382ETsv4JYUZwIsn6YpYiWiBsYLSJiTsyBybVuN8=
github.com/google/go-cmp v0.7.0/go.mod h1:pXiqmnSA92OHEEa9HXL2W4E7lf9JzCmGVUdgjX3N/iU=
github.com/google/go-github/v27 v27.0.4/go.mod h1:/0Gr8pJ55COkmv+S/yPKCczSkUPIM/LnFyubufRNIS0=
github.com/google/go-github/v82 v82.0.0 h1:OH09ESON2QwKCUVMYmMcVu1IFKFoaZHwqYaUtr/MVfk=
github.com/google/go-github/v82 v82.0.0/go.mod h1:hQ6Xo0VKfL8RZ7z1hSfB4fvISg0QqHOqe9BP0qo+WvM=
github.com/google/go-querystring v1.0.0/go.mod h1:odCYkC5MyYFN7vkCjXpyrEuKhc/BUO6wN/zVPAxq5ck=
github.com/google/go-querystring v1.2.0 h1:yhqkPbu2/OH+V9BfpCVPZkNmUXhb2gBxJArfhIxNtP0=
github.com/google/go-querystring v1.2.0/go.mod h1:8IFJqpSRITyJ8QhQ13bmbeMBDfmeEJZD5A0egEOmkqU=
github.com/google/gofuzz v1.2.0 h1:xRy4A+RhZaiKjJ1bPfwQ8sedCA+YS2YcCHW6ec7JMi0=
github.com/google/gofuzz v1.2.0/go.mod h1:dBl0BpW6vV/+mYPU4Po3pmUjxk6FQPldtuIdl/M65Eg=
github.com/google/martian v2.1.0+incompatible h1:/CP5g8u/VJHijgedC/Legn3BAbAaWPgecwXBIDzw5no=
github.com/google/martian v2.1.0+incompatible/go.mod h1:9I4somxYTbIHy5NJKHRl3wXiIaQGbYVAs8BPL6v8lEs=
github.com/google/martian/v3 v3.3.3 h1:DIhPTQrbPkgs2yJYdXU/eNACCG5DVQjySNRNlflZ9Fc=
github.com/google/martian/v3 v3.3.3/go.mod h1:iEPrYcgCF7jA9OtScMFQyAlZZ4YXTKEtJ1E6RWzmBA0=
github.com/google/pprof v0.0.0-20181206194817-3ea8567a2e57/go.mod h1:zfwlbNMJ+OItoe0UupaVj+oy1omPYYDuagoSzA8v9mc=
github.com/google/pprof v0.0.0-20190515194954-54271f7e092f/go.mod h1:zfwlbNMJ+OItoe0UupaVj+oy1omPYYDuagoSzA8v9mc=
github.com/google/s2a-go v0.1.9 h1:LGD7gtMgezd8a/Xak7mEWL0PjoTQFvpRudN895yqKW0=
github.com/google/s2a-go v0.1.9/go.mod h1:YA0Ei2ZQL3acow2O62kdp9UlnvMmU7kA6Eutn0dXayM=
github.com/google/uuid v1.0.0/go.mod h1:TIyPZe4MgqvfeYDBFedMoGGpEw/LqOeaOT+nhxU+yHo=
github.com/google/uuid v1.6.0 h1:NIvaJDMOsjHA8n1jAhLSgzrAzy1Hgr+hNrb57e+94F0=
github.com/google/uuid v1.6.0/go.mod h1:TIyPZe4MgqvfeYDBFedMoGGpEw/LqOeaOT+nhxU+yHo=
github.com/googleapis/enterprise-certificate-proxy v0.3.11 h1:vAe81Msw+8tKUxi2Dqh/NZMz7475yUvmRIkXr4oN2ao=
github.com/googleapis/enterprise-certificate-proxy v0.3.11/go.mod h1:RFV7MUdlb7AgEq2v7FmMCfeSMCllAzWxFgRdusoGks8=
github.com/googleapis/gax-go/v2 v2.0.4/go.mod h1:0Wqv26UfaUD9n4G6kQubkQ+KchISgw+vpHVxEJEs9eg=
github.com/googleapis/gax-go/v2 v2.0.5/go.mod h1:DWXyrwAJ9X0FpwwEdw+IPEYBICEFu5mhpdKc/us6bOk=
github.com/googleapis/gax-go/v2 v2.16.0 h1:iHbQmKLLZrexmb0OSsNGTeSTS0HO4YvFOG8g5E4Zd0Y=
github.com/googleapis/gax-go/v2 v2.16.0/go.mod h1:o1vfQjjNZn4+dPnRdl/4ZD7S9414Y4xA+a/6Icj6l14=
github.com/gorilla/handlers v1.5.2 h1:cLTUSsNkgcwhgRqvCNmdbRWG0A3N4F+M2nWKdScwyEE=
github.com/gorilla/handlers v1.5.2/go.mod h1:dX+xVpaxdSw+q0Qek8SSsl3dfMk3jNddUkMzo0GtH0w=
github.com/gorilla/mux v1.8.1 h1:TuBL49tXwgrFYWhqrNgrUNEY92u81SPhu7sTdzQEiWY=
github.com/gorilla/mux v1.8.1/go.mod h1:AKf9I4AEqPTmMytcMc0KkNouC66V3BtZ4qD5fmWSiMQ=
github.com/gorilla/securecookie v1.1.2 h1:YCIWL56dvtr73r6715mJs5ZvhtnY73hBvEF8kXD8ePA=
github.com/gorilla/securecookie v1.1.2/go.mod h1:NfCASbcHqRSY+3a8tlWJwsQap2VX5pwzwo4h3eOamfo=
github.com/hashicorp/golang-lru v0.5.0/go.mod h1:/m3WP610KZHVQ1SGc6re/UDhFvYD7pJ4Ao+sR/qLZy8=
github.com/hashicorp/golang-lru v0.5.1/go.mod h1:/m3WP610KZHVQ1SGc6re/UDhFvYD7pJ4Ao+sR/qLZy8=
github.com/johncgriffin/overflow v0.0.0-20211019200055-46fa312c352c h1:2n/HCxBM7oa5PNCPKIhV26EtJkaPXFfcVojPAT3ujTU=
github.com/johncgriffin/overflow v0.0.0-20211019200055-46fa312c352c/go.mod h1:B9OPZOhZ3FIi6bu54lAgCMzXLh11Z7ilr3rOr/ClP+E=
github.com/jstemmer/go-junit-report v0.0.0-20190106144839-af01ea7f8024/go.mod h1:6v2b51hI/fHJwM22ozAgKL4VKDeJcHhJFhtBdhmNjmU=
github.com/kr/pretty v0.3.1 h1:flRD4NNwYAUpkphVc1HcthR4KEIFJ65n8Mw5qdRn3LE=
github.com/kr/pretty v0.3.1/go.mod h1:hoEshYVHaxMs3cyo3Yncou5ZscifuDolrwPKZanG3xk=
github.com/kr/text v0.2.0 h1:5Nx0Ya0ZqY2ygV366QzturHI13Jq95ApcVaJBhpS+AY=
github.com/kr/text v0.2.0/go.mod h1:eLer722TekiGuMkidMxC/pM04lWEeraHUUmBw8l2grE=
github.com/orcaman/writerseeker v0.0.0-20200621085525-1d3f536ff85e h1:s2RNOM/IGdY0Y6qfTeUKhDawdHDpK9RGBdx80qN4Ttw=
github.com/orcaman/writerseeker v0.0.0-20200621085525-1d3f536ff85e/go.mod h1:nBdnFKj15wFbf94Rwfq4m30eAcyY9V/IyKAGQFtqkW0=
github.com/pborman/uuid v1.2.0/go.mod h1:X/NO0urCmaxf9VXbdlT7C2Yzkj2IKimNn4k+gtPdI/k=
github.com/pborman/uuid v1.2.1 h1:+ZZIw58t/ozdjRaXh/3awHfmWRbzYxJoAdNJxe/3pvw=
github.com/pborman/uuid v1.2.1/go.mod h1:X/NO0urCmaxf9VXbdlT7C2Yzkj2IKimNn4k+gtPdI/k=
github.com/phayes/freeport v0.0.0-20220201140144-74d24b5ae9f5 h1:Ii+DKncOVM8Cu1Hc+ETb5K+23HdAMvESYE3ZJ5b5cMI=
github.com/phayes/freeport v0.0.0-20220201140144-74d24b5ae9f5/go.mod h1:iIss55rKnNBTvrwdmkUpLnDpZoAHvWaiq5+iMmen4AE=
github.com/planetscale/vtprotobuf v0.6.1-0.20240319094008-0393e58bdf10 h1:GFCKgmp0tecUJ0sJuv4pzYCqS9+RGSn52M3FUwPs+uo=
github.com/planetscale/vtprotobuf v0.6.1-0.20240319094008-0393e58bdf10/go.mod h1:t/avpk3KcrXxUnYOhZhMXJlSEyie6gQbtLq5NM3loB8=
github.com/pmezard/go-difflib v1.0.0/go.mod h1:iKH77koFhYxTK1pcRnkKkqfTogsbg7gZNVY4sRDYZ/4=
github.com/pmezard/go-difflib v1.0.1-0.20181226105442-5d4384ee4fb2 h1:Jamvg5psRIccs7FGNTlIRMkT8wgtp5eCXdBlqhYGL6U=
github.com/pmezard/go-difflib v1.0.1-0.20181226105442-5d4384ee4fb2/go.mod h1:iKH77koFhYxTK1pcRnkKkqfTogsbg7gZNVY4sRDYZ/4=
github.com/rogpeppe/go-internal v1.14.1 h1:UQB4HGPB6osV0SQTLymcB4TgvyWu6ZyliaW0tI/otEQ=
github.com/rogpeppe/go-internal v1.14.1/go.mod h1:MaRKkUm5W0goXpeCfT7UZI6fk/L7L7so1lCWt35ZSgc=
github.com/samthor/nicehttp v1.0.0 h1:pRCApAaB7mJiL2IAUiUIM+umS099QHn5BkkpN8mXTnA=
github.com/samthor/nicehttp v1.0.0/go.mod h1:UmUhKe2pBz/LoOKAkU+Vu7p5lsT6ISRPZiSAYRE9aXQ=
github.com/sirupsen/logrus v1.9.4 h1:TsZE7l11zFCLZnZ+teH4Umoq5BhEIfIzfRDZ1Uzql2w=
github.com/sirupsen/logrus v1.9.4/go.mod h1:ftWc9WdOfJ0a92nsE2jF5u5ZwH8Bv2zdeOC42RjbV2g=
github.com/spiffe/go-spiffe/v2 v2.6.0 h1:l+DolpxNWYgruGQVV0xsfeya3CsC7m8iBzDnMpsbLuo=
github.com/spiffe/go-spiffe/v2 v2.6.0/go.mod h1:gm2SeUoMZEtpnzPNs2Csc0D/gX33k1xIx7lEzqblHEs=
github.com/stretchr/objx v0.1.0/go.mod h1:HFkY916IF+rwdDfMAkV7OtwuqBVzrE8GR6GFx+wExME=
github.com/stretchr/testify v1.5.1/go.mod h1:5W2xD1RspED5o8YsWQXVCued0rvSQ+mT+I5cxcmMvtA=
github.com/stretchr/testify v1.11.1 h1:7s2iGBzp5EwR7/aIZr8ao5+dra3wiQyKjjFuvgVKu7U=
github.com/stretchr/testify v1.11.1/go.mod h1:wZwfW3scLgRK+23gO65QZefKpKQRnfz6sD981Nm4B6U=
github.com/taskcluster/httpbackoff/v3 v3.1.0 h1:sa91pm4d5yhsuG7ej3R2Db8IsY3rI8PJ41+tiJ/smqA=
github.com/taskcluster/httpbackoff/v3 v3.1.0/go.mod h1:RDctDLiKVfdgR3Qq0aS87KdmquezxFjlS0Aw1x0Fi5U=
github.com/taskcluster/slugid-go v1.1.0 h1:SWsUplliyamdYzOKVM4+lDohZKuL63fKreGkvIKJ9aI=
github.com/taskcluster/slugid-go v1.1.0/go.mod h1:5sOAcPHjqso1UkKxSl77CkKgOwha0D9X0msBKBj0AOg=
github.com/taskcluster/taskcluster-lib-urls v13.0.1+incompatible h1:Q3kagxQiHw7QNckRoeeBV16FDvyQC+iSmda99bJEK+U=
github.com/taskcluster/taskcluster-lib-urls v13.0.1+incompatible/go.mod h1:ALqTgi15AmJGEGubRKM0ydlLAFatlQPrQrmal9YZpQs=
github.com/taskcluster/taskcluster/v96 v96.1.0 h1:PHlnhew8jd69Z8b2zh+n9Vhf5VM6SapXuJbGvE66zJw=
github.com/taskcluster/taskcluster/v96 v96.1.0/go.mod h1:8G/WLhy/QWA1udjVnfYoM717ptoNqhmxxlf3bWDDcAc=
github.com/tebeka/selenium v0.9.9 h1:cNziB+etNgyH/7KlNI7RMC1ua5aH1+5wUlFQyzeMh+w=
github.com/tebeka/selenium v0.9.9/go.mod h1:5Fr8+pUvU6B1OiPfkdCKdXZyr5znvVkxuPd0NOdZCQc=
github.com/tent/hawk-go v0.0.0-20161026210932-d341ea318957 h1:6Fre/uvwovW5YY4nfHZk66cAg9HjT9YdFSAJHUUgOyQ=
github.com/tent/hawk-go v0.0.0-20161026210932-d341ea318957/go.mod h1:dch7ywQEefE1ibFqBG1erFibrdUIwovcwQjksYuHuP4=
go.opencensus.io v0.21.0/go.mod h1:mSImk1erAIZhrmZN+AvHh14ztQfjbGwt4TtuofqLduU=
go.opencensus.io v0.22.0/go.mod h1:+kGneAE2xo2IficOXnaByMWTGM9T73dGwxeWcUqIpI8=
go.opencensus.io v0.24.0 h1:y73uSU6J157QMP2kn2r30vwW1A2W2WFwSCGnAVxeaD0=
go.opencensus.io v0.24.0/go.mod h1:vNK8G9p7aAivkbmorf4v+7Hgx+Zs0yY+0fOtgBfjQKo=
go.opentelemetry.io/auto/sdk v1.2.1 h1:jXsnJ4Lmnqd11kwkBV2LgLoFMZKizbCi5fNZ/ipaZ64=
go.opentelemetry.io/auto/sdk v1.2.1/go.mod h1:KRTj+aOaElaLi+wW1kO/DZRXwkF4C5xPbEe3ZiIhN7Y=
go.opentelemetry.io/contrib/detectors/gcp v1.39.0 h1:kWRNZMsfBHZ+uHjiH4y7Etn2FK26LAGkNFw7RHv1DhE=
go.opentelemetry.io/contrib/detectors/gcp v1.39.0/go.mod h1:t/OGqzHBa5v6RHZwrDBJ2OirWc+4q/w2fTbLZwAKjTk=
go.opentelemetry.io/contrib/instrumentation/google.golang.org/grpc/otelgrpc v0.64.0 h1:RN3ifU8y4prNWeEnQp2kRRHz8UwonAEYZl8tUzHEXAk=
go.opentelemetry.io/contrib/instrumentation/google.golang.org/grpc/otelgrpc v0.64.0/go.mod h1:habDz3tEWiFANTo6oUE99EmaFUrCNYAAg3wiVmusm70=
go.opentelemetry.io/contrib/instrumentation/net/http/otelhttp v0.64.0 h1:ssfIgGNANqpVFCndZvcuyKbl0g+UAVcbBcqGkG28H0Y=
go.opentelemetry.io/contrib/instrumentation/net/http/otelhttp v0.64.0/go.mod h1:GQ/474YrbE4Jx8gZ4q5I4hrhUzM6UPzyrqJYV2AqPoQ=
go.opentelemetry.io/otel v1.39.0 h1:8yPrr/S0ND9QEfTfdP9V+SiwT4E0G7Y5MO7p85nis48=
go.opentelemetry.io/otel v1.39.0/go.mod h1:kLlFTywNWrFyEdH0oj2xK0bFYZtHRYUdv1NklR/tgc8=
go.opentelemetry.io/otel/exporters/stdout/stdoutmetric v1.38.0 h1:wm/Q0GAAykXv83wzcKzGGqAnnfLFyFe7RslekZuv+VI=
go.opentelemetry.io/otel/exporters/stdout/stdoutmetric v1.38.0/go.mod h1:ra3Pa40+oKjvYh+ZD3EdxFZZB0xdMfuileHAm4nNN7w=
go.opentelemetry.io/otel/metric v1.39.0 h1:d1UzonvEZriVfpNKEVmHXbdf909uGTOQjA0HF0Ls5Q0=
go.opentelemetry.io/otel/metric v1.39.0/go.mod h1:jrZSWL33sD7bBxg1xjrqyDjnuzTUB0x1nBERXd7Ftcs=
go.opentelemetry.io/otel/sdk v1.39.0 h1:nMLYcjVsvdui1B/4FRkwjzoRVsMK8uL/cj0OyhKzt18=
go.opentelemetry.io/otel/sdk v1.39.0/go.mod h1:vDojkC4/jsTJsE+kh+LXYQlbL8CgrEcwmt1ENZszdJE=
go.opentelemetry.io/otel/sdk/metric v1.39.0 h1:cXMVVFVgsIf2YL6QkRF4Urbr/aMInf+2WKg+sEJTtB8=
go.opentelemetry.io/otel/sdk/metric v1.39.0/go.mod h1:xq9HEVH7qeX69/JnwEfp6fVq5wosJsY1mt4lLfYdVew=
go.opentelemetry.io/otel/trace v1.39.0 h1:2d2vfpEDmCJ5zVYz7ijaJdOF59xLomrvj7bjt6/qCJI=
go.opentelemetry.io/otel/trace v1.39.0/go.mod h1:88w4/PnZSazkGzz/w84VHpQafiU4EtqqlVdxWy+rNOA=
go.uber.org/mock v0.6.0 h1:hyF9dfmbgIX5EfOdasqLsWD6xqpNZlXblLB/Dbnwv3Y=
go.uber.org/mock v0.6.0/go.mod h1:KiVJ4BqZJaMj4svdfmHM0AUx4NJYO8ZNpPnZn1Z+BBU=
golang.org/x/crypto v0.0.0-20190308221718-c2843e01d9a2/go.mod h1:djNgcEr1/C05ACkg1iLfiJU5Ep61QUkGW8qpdssI0+w=
golang.org/x/crypto v0.0.0-20190605123033-f99c8df09eb5/go.mod h1:yigFU9vqHzYiE8UmvKecakEJjdnWj3jj499lnFckfCI=
golang.org/x/crypto v0.0.0-20191011191535-87dc89f01550/go.mod h1:yigFU9vqHzYiE8UmvKecakEJjdnWj3jj499lnFckfCI=
golang.org/x/crypto v0.47.0 h1:V6e3FRj+n4dbpw86FJ8Fv7XVOql7TEwpHapKoMJ/GO8=
golang.org/x/crypto v0.47.0/go.mod h1:ff3Y9VzzKbwSSEzWqJsJVBnWmRwRSHt/6Op5n9bQc4A=
golang.org/x/exp v0.0.0-20190121172915-509febef88a4/go.mod h1:CJ0aWSM057203Lf6IL+f9T1iT9GByDxfZKAQTCR3kQA=
golang.org/x/exp v0.0.0-20190510132918-efd6b22b2522/go.mod h1:ZjyILWgesfNpC6sMxTJOJm9Kp84zZh5NQWvqDGG3Qr8=
golang.org/x/image v0.0.0-20190227222117-0694c2d4d067/go.mod h1:kZ7UVZpmo3dzQBMxlp+ypCbDeSB+sBbTgSJuh5dn5js=
golang.org/x/lint v0.0.0-20181026193005-c67002cb31c3/go.mod h1:UVdnD1Gm6xHRNCYTkRU2/jEulfH38KcIWyp/GAMgvoE=
golang.org/x/lint v0.0.0-20190227174305-5b3e6a55c961/go.mod h1:wehouNa3lNwaWXcvxsM5YxQ5yQlVC4a0KAMCusXpPoU=
golang.org/x/lint v0.0.0-20190301231843-5614ed5bae6f/go.mod h1:UVdnD1Gm6xHRNCYTkRU2/jEulfH38KcIWyp/GAMgvoE=
golang.org/x/lint v0.0.0-20190313153728-d0100b6bd8b3/go.mod h1:6SW0HCj/g11FgYtHlgUYUwCkIfeOF89ocIRzGO/8vkc=
golang.org/x/lint v0.0.0-20190409202823-959b441ac422/go.mod h1:6SW0HCj/g11FgYtHlgUYUwCkIfeOF89ocIRzGO/8vkc=
golang.org/x/lint v0.0.0-20241112194109-818c5a804067 h1:adDmSQyFTCiv19j015EGKJBoaa7ElV0Q1Wovb/4G7NA=
golang.org/x/lint v0.0.0-20241112194109-818c5a804067/go.mod h1:3xt1FjdF8hUf6vQPIChWIBhFzV8gjjsPE/fR3IyQdNY=
golang.org/x/mobile v0.0.0-20190312151609-d3739f865fa6/go.mod h1:z+o9i4GpDbdi3rU15maQ/Ox0txvL9dWGYEHz965HBQE=
golang.org/x/mod v0.1.1-0.20191105210325-c90efee705ee/go.mod h1:QqPTAvyqsEbceGzBzNggFXnrqF1CaUcvgkdR5Ot7KZg=
golang.org/x/mod v0.31.0 h1:HaW9xtz0+kOcWKwli0ZXy79Ix+UW/vOfmWI5QVd2tgI=
golang.org/x/mod v0.31.0/go.mod h1:43JraMp9cGx1Rx3AqioxrbrhNsLl2l/iNAvuBkrezpg=
golang.org/x/net v0.0.0-20180724234803-3673e40ba225/go.mod h1:mL1N/T3taQHkDXs73rZJwtUhF3w3ftmwwsq0BUmARs4=
golang.org/x/net v0.0.0-20180826012351-8a410e7b638d/go.mod h1:mL1N/T3taQHkDXs73rZJwtUhF3w3ftmwwsq0BUmARs4=
golang.org/x/net v0.0.0-20190108225652-1e06a53dbb7e/go.mod h1:mL1N/T3taQHkDXs73rZJwtUhF3w3ftmwwsq0BUmARs4=
golang.org/x/net v0.0.0-20190213061140-3a22650c66bd/go.mod h1:mL1N/T3taQHkDXs73rZJwtUhF3w3ftmwwsq0BUmARs4=
golang.org/x/net v0.0.0-20190311183353-d8887717615a/go.mod h1:t9HGtf8HONx5eT2rtn7q6eTqICYqUVnKs3thJo3Qplg=
golang.org/x/net v0.0.0-20190404232315-eb5bcb51f2a3/go.mod h1:t9HGtf8HONx5eT2rtn7q6eTqICYqUVnKs3thJo3Qplg=
golang.org/x/net v0.0.0-20190501004415-9ce7a6920f09/go.mod h1:t9HGtf8HONx5eT2rtn7q6eTqICYqUVnKs3thJo3Qplg=
golang.org/x/net v0.0.0-20190503192946-f4e77d36d62c/go.mod h1:t9HGtf8HONx5eT2rtn7q6eTqICYqUVnKs3thJo3Qplg=
golang.org/x/net v0.0.0-20190603091049-60506f45cf65/go.mod h1:HSz+uSET+XFnRR8LxR5pz3Of3rY3CfYBVs4xY44aLks=
golang.org/x/net v0.0.0-20190620200207-3b0461eec859/go.mod h1:z5CRVTTTmAJ677TzLLGU+0bjPO0LkuOLi4/5GtJWs/s=
golang.org/x/net v0.49.0 h1:eeHFmOGUTtaaPSGNmjBKpbng9MulQsJURQUAfUwY++o=
golang.org/x/net v0.49.0/go.mod h1:/ysNB2EvaqvesRkuLAyjI1ycPZlQHM3q01F02UY/MV8=
golang.org/x/oauth2 v0.0.0-20180821212333-d2e6202438be/go.mod h1:N/0e6XlmueqKjAGxoOufVs8QHGRruUQn6yWY3a++T0U=
golang.org/x/oauth2 v0.0.0-20190226205417-e64efc72b421/go.mod h1:gOpvHmFTYa4IltrdGE7lF6nIHvwfUNPOp7c8zoXwtLw=
golang.org/x/oauth2 v0.0.0-20190604053449-0f29369cfe45/go.mod h1:gOpvHmFTYa4IltrdGE7lF6nIHvwfUNPOp7c8zoXwtLw=
golang.org/x/oauth2 v0.34.0 h1:hqK/t4AKgbqWkdkcAeI8XLmbK+4m4G5YeQRrmiotGlw=
golang.org/x/oauth2 v0.34.0/go.mod h1:lzm5WQJQwKZ3nwavOZ3IS5Aulzxi68dUSgRHujetwEA=
golang.org/x/sync v0.0.0-20180314180146-1d60e4601c6f/go.mod h1:RxMgew5VJxzue5/jJTE5uejpjVlOe/izrB70Jof72aM=
golang.org/x/sync v0.0.0-20181108010431-42b317875d0f/go.mod h1:RxMgew5VJxzue5/jJTE5uejpjVlOe/izrB70Jof72aM=
golang.org/x/sync v0.0.0-20181221193216-37e7f081c4d4/go.mod h1:RxMgew5VJxzue5/jJTE5uejpjVlOe/izrB70Jof72aM=
golang.org/x/sync v0.0.0-20190227155943-e225da77a7e6/go.mod h1:RxMgew5VJxzue5/jJTE5uejpjVlOe/izrB70Jof72aM=
golang.org/x/sync v0.0.0-20190423024810-112230192c58/go.mod h1:RxMgew5VJxzue5/jJTE5uejpjVlOe/izrB70Jof72aM=
golang.org/x/sync v0.19.0 h1:vV+1eWNmZ5geRlYjzm2adRgW2/mcpevXNg50YZtPCE4=
golang.org/x/sync v0.19.0/go.mod h1:9KTHXmSnoGruLpwFjVSX0lNNA75CykiMECbovNTZqGI=
golang.org/x/sys v0.0.0-20180830151530-49385e6e1522/go.mod h1:STP8DvDyc/dI5b8T5hshtkjS+E42TnysNCUPdjciGhY=
golang.org/x/sys v0.0.0-20190215142949-d0b11bdaac8a/go.mod h1:STP8DvDyc/dI5b8T5hshtkjS+E42TnysNCUPdjciGhY=
golang.org/x/sys v0.0.0-20190312061237-fead79001313/go.mod h1:h1NjWce9XRLGQEsW7wpKNCjG9DtNlClVuFLEZdDNbEs=
golang.org/x/sys v0.0.0-20190412213103-97732733099d/go.mod h1:h1NjWce9XRLGQEsW7wpKNCjG9DtNlClVuFLEZdDNbEs=
golang.org/x/sys v0.0.0-20190502145724-3ef323f4f1fd/go.mod h1:h1NjWce9XRLGQEsW7wpKNCjG9DtNlClVuFLEZdDNbEs=
golang.org/x/sys v0.0.0-20190507160741-ecd444e8653b/go.mod h1:h1NjWce9XRLGQEsW7wpKNCjG9DtNlClVuFLEZdDNbEs=
golang.org/x/sys v0.0.0-20190606165138-5da285871e9c/go.mod h1:h1NjWce9XRLGQEsW7wpKNCjG9DtNlClVuFLEZdDNbEs=
golang.org/x/sys v0.0.0-20190624142023-c5567b49c5d0/go.mod h1:h1NjWce9XRLGQEsW7wpKNCjG9DtNlClVuFLEZdDNbEs=
golang.org/x/sys v0.40.0 h1:DBZZqJ2Rkml6QMQsZywtnjnnGvHza6BTfYFWY9kjEWQ=
golang.org/x/sys v0.40.0/go.mod h1:OgkHotnGiDImocRcuBABYBEXf8A9a87e/uXjp9XT3ks=
golang.org/x/text v0.3.0/go.mod h1:NqM8EUOU14njkJ3fqMW+pc6Ldnwhi/IjpwHt7yyuwOQ=
golang.org/x/text v0.3.1-0.20180807135948-17ff2d5776d2/go.mod h1:NqM8EUOU14njkJ3fqMW+pc6Ldnwhi/IjpwHt7yyuwOQ=
golang.org/x/text v0.3.2/go.mod h1:bEr9sfX3Q8Zfm5fL9x+3itogRgK3+ptLWKqgva+5dAk=
golang.org/x/text v0.33.0 h1:B3njUFyqtHDUI5jMn1YIr5B0IE2U0qck04r6d4KPAxE=
golang.org/x/text v0.33.0/go.mod h1:LuMebE6+rBincTi9+xWTY8TztLzKHc/9C1uBCG27+q8=
golang.org/x/time v0.0.0-20181108054448-85acf8d2951c/go.mod h1:tRJNPiyCQ0inRvYxbN9jk5I+vvW/OXSQhTDSoE431IQ=
golang.org/x/time v0.0.0-20190308202827-9d24e82272b4/go.mod h1:tRJNPiyCQ0inRvYxbN9jk5I+vvW/OXSQhTDSoE431IQ=
golang.org/x/time v0.14.0 h1:MRx4UaLrDotUKUdCIqzPC48t1Y9hANFKIRpNx+Te8PI=
golang.org/x/time v0.14.0/go.mod h1:eL/Oa2bBBK0TkX57Fyni+NgnyQQN4LitPmob2Hjnqw4=
golang.org/x/tools v0.0.0-20180917221912-90fa682c2a6e/go.mod h1:n7NCudcB/nEzxVGmLbDWY5pfWTLqBcC2KZ6jyYvM4mQ=
golang.org/x/tools v0.0.0-20190114222345-bf090417da8b/go.mod h1:n7NCudcB/nEzxVGmLbDWY5pfWTLqBcC2KZ6jyYvM4mQ=
golang.org/x/tools v0.0.0-20190226205152-f727befe758c/go.mod h1:9Yl7xja0Znq3iFh3HoIrodX9oNMXvdceNzlUR8zjMvY=
golang.org/x/tools v0.0.0-20190311212946-11955173bddd/go.mod h1:LCzVGOaR6xXOjkQ3onu1FJEFr0SW1gC7cKk1uF8kGRs=
golang.org/x/tools v0.0.0-20190312151545-0bb0c0a6e846/go.mod h1:LCzVGOaR6xXOjkQ3onu1FJEFr0SW1gC7cKk1uF8kGRs=
golang.org/x/tools v0.0.0-20190312170243-e65039ee4138/go.mod h1:LCzVGOaR6xXOjkQ3onu1FJEFr0SW1gC7cKk1uF8kGRs=
golang.org/x/tools v0.0.0-20190425150028-36563e24a262/go.mod h1:RgjU9mgBXZiqYHBnxXauZ1Gv1EHHAz9KjViQ78xBX0Q=
golang.org/x/tools v0.0.0-20190506145303-2d16b83fe98c/go.mod h1:RgjU9mgBXZiqYHBnxXauZ1Gv1EHHAz9KjViQ78xBX0Q=
golang.org/x/tools v0.0.0-20190606124116-d0a3d012864b/go.mod h1:/rFqwRUd4F7ZHNgwSSTFct+R/Kf4OFW1sUzUTQQTgfc=
golang.org/x/tools v0.0.0-20190624190245-7f2218787638/go.mod h1:/rFqwRUd4F7ZHNgwSSTFct+R/Kf4OFW1sUzUTQQTgfc=
golang.org/x/tools v0.0.0-20200130002326-2f3ba24bd6e7/go.mod h1:TB2adYChydJhpapKDTa4BR/hXlZSLoq2Wpct/0txZ28=
golang.org/x/tools v0.40.0 h1:yLkxfA+Qnul4cs9QA3KnlFu0lVmd8JJfoq+E41uSutA=
golang.org/x/tools v0.40.0/go.mod h1:Ik/tzLRlbscWpqqMRjyWYDisX8bG13FrdXp3o4Sr9lc=
golang.org/x/xerrors v0.0.0-20191011141410-1b5146add898/go.mod h1:I/5z698sn9Ka8TeJc9MKroUUfqBBauWjQqLJ2OPfmY0=
gonum.org/v1/gonum v0.16.0 h1:5+ul4Swaf3ESvrOnidPp4GZbzf0mxVQpDCYUQE7OJfk=
gonum.org/v1/gonum v0.16.0/go.mod h1:fef3am4MQ93R2HHpKnLk4/Tbh/s0+wqD5nfa6Pnwy4E=
google.golang.org/api v0.4.0/go.mod h1:8k5glujaEP+g9n7WNsDg8QP6cUVNI86fCNMcbazEtwE=
google.golang.org/api v0.7.0/go.mod h1:WtwebWUNSVBH/HAw79HIFXZNqEvBhG+Ra+ax0hx3E3M=
google.golang.org/api v0.262.0 h1:4B+3u8He2GwyN8St3Jhnd3XRHlIvc//sBmgHSp78oNY=
google.golang.org/api v0.262.0/go.mod h1:jNwmH8BgUBJ/VrUG6/lIl9YiildyLd09r9ZLHiQ6cGI=
google.golang.org/appengine v1.1.0/go.mod h1:EbEs0AVv82hx2wNQdGPgUI5lhzA/G0D9YwlJXL52JkM=
google.golang.org/appengine v1.4.0/go.mod h1:xpcJRLb0r/rnEns0DIKYYv+WjYCduHsrkT7/EB5XEv4=
google.golang.org/appengine v1.5.0/go.mod h1:xpcJRLb0r/rnEns0DIKYYv+WjYCduHsrkT7/EB5XEv4=
google.golang.org/appengine v1.6.1/go.mod h1:i06prIuMbXzDqacNJfV5OdTW448YApPu5ww/cMBSeb0=
google.golang.org/genproto v0.0.0-20180817151627-c66870c02cf8/go.mod h1:JiN7NxoALGmiZfu7CAH4rXhgtRTLTxftemlI0sWmxmc=
google.golang.org/genproto v0.0.0-20190307195333-5fe7a883aa19/go.mod h1:VzzqZJRnGkLBvHegQrXjBqPurQTc5/KpmUdxsrq26oE=
google.golang.org/genproto v0.0.0-20190418145605-e7d98fc518a7/go.mod h1:VzzqZJRnGkLBvHegQrXjBqPurQTc5/KpmUdxsrq26oE=
google.golang.org/genproto v0.0.0-20190425155659-357c62f0e4bb/go.mod h1:VzzqZJRnGkLBvHegQrXjBqPurQTc5/KpmUdxsrq26oE=
google.golang.org/genproto v0.0.0-20190502173448-54afdca5d873/go.mod h1:VzzqZJRnGkLBvHegQrXjBqPurQTc5/KpmUdxsrq26oE=
google.golang.org/genproto v0.0.0-20190626174449-989357319d63/go.mod h1:z3L6/3dTEVtUr6QSP8miRzeRqwQOioJ9I66odjN4I7s=
google.golang.org/genproto v0.0.0-20251222181119-0a764e51fe1b h1:kqShdsddZrS6q+DGBCA73CzHsKDu5vW4qw78tFnbVvY=
google.golang.org/genproto v0.0.0-20251222181119-0a764e51fe1b/go.mod h1:gw1DtiPCt5uh/HV9STVEeaO00S5ATsJiJ2LsZV8lcDI=
google.golang.org/genproto/googleapis/api v0.0.0-20251222181119-0a764e51fe1b h1:uA40e2M6fYRBf0+8uN5mLlqUtV192iiksiICIBkYJ1E=
google.golang.org/genproto/googleapis/api v0.0.0-20251222181119-0a764e51fe1b/go.mod h1:Xa7le7qx2vmqB/SzWUBa7KdMjpdpAHlh5QCSnjessQk=
google.golang.org/genproto/googleapis/rpc v0.0.0-20260120174246-409b4a993575 h1:vzOYHDZEHIsPYYnaSYo60AqHkJronSu0rzTz/s4quL0=
google.golang.org/genproto/googleapis/rpc v0.0.0-20260120174246-409b4a993575/go.mod h1:j9x/tPzZkyxcgEFkiKEEGxfvyumM01BEtsW8xzOahRQ=
google.golang.org/grpc v1.19.0/go.mod h1:mqu4LbDTu4XGKhr4mRzUsmM4RtVoemTSY81AxZiDr8c=
google.golang.org/grpc v1.20.1/go.mod h1:10oTOabMzJvdu6/UiuZezV6QK5dSlG84ov/aaiqXj38=
google.golang.org/grpc v1.21.1/go.mod h1:oYelfM1adQP15Ek0mdvEgi9Df8B9CZIaU1084ijfRaM=
google.golang.org/grpc v1.78.0 h1:K1XZG/yGDJnzMdd/uZHAkVqJE+xIDOcmdSFZkBUicNc=
google.golang.org/grpc v1.78.0/go.mod h1:I47qjTo4OKbMkjA/aOOwxDIiPSBofUtQUI5EfpWvW7U=
google.golang.org/protobuf v1.36.11 h1:fV6ZwhNocDyBLK0dj+fg8ektcVegBBuEolpbTQyBNVE=
google.golang.org/protobuf v1.36.11/go.mod h1:HTf+CrKn2C3g5S8VImy6tdcUvCska2kB7j23XfzDpco=
gopkg.in/check.v1 v0.0.0-20161208181325-20d25e280405 h1:yhCVgyC4o1eVCa2tZl7eS0r+SDo693bJlVdllGtEeKM=
gopkg.in/check.v1 v0.0.0-20161208181325-20d25e280405/go.mod h1:Co6ibVJAznAaIkqp8huTwlJQCZ016jof/cbN4VW5Yz0=
gopkg.in/check.v1 v1.0.0-20201130134442-10cb98267c6c h1:Hei/4ADfdWqJk1ZMxUNpqntNwaWcugrBjAiHlqqRiVk=
gopkg.in/check.v1 v1.0.0-20201130134442-10cb98267c6c/go.mod h1:JHkPIbrfpd72SG/EVd6muEfDQjcINNoR0C8j2r3qZ4Q=
gopkg.in/yaml.v2 v2.2.2/go.mod h1:hI93XBmqTisBFMUTm0b8Fm+jr3Dg1NNxqwp+5A1VGuI=
gopkg.in/yaml.v2 v2.2.8/go.mod h1:hI93XBmqTisBFMUTm0b8Fm+jr3Dg1NNxqwp+5A1VGuI=
gopkg.in/yaml.v2 v2.4.0 h1:D8xgwECY7CYvx+Y2n4sBz93Jn9JRvxdiyyo8CTfuKaY=
gopkg.in/yaml.v2 v2.4.0/go.mod h1:RDklbk79AGWmwhnvt/jBztapEOGDOx6ZbXqjP6csGnQ=
gopkg.in/yaml.v3 v3.0.1 h1:fxVm/GzAzEWqLHuvctI91KS9hhNmmWOoWu0XTYJS7CA=
gopkg.in/yaml.v3 v3.0.1/go.mod h1:K4uyk7z7BCEPqu6E+C64Yfv1cQ7kz7rIZviUmN+EgEM=
honnef.co/go/tools v0.0.0-20190102054323-c2f93a96b099/go.mod h1:rf3lG4BRIbNafJWhAfAdb/ePZxsR/4RtNHQocxwk9r4=
honnef.co/go/tools v0.0.0-20190106161140-3f1c8253044a/go.mod h1:rf3lG4BRIbNafJWhAfAdb/ePZxsR/4RtNHQocxwk9r4=
honnef.co/go/tools v0.0.0-20190418001031-e561f6794a2a/go.mod h1:rf3lG4BRIbNafJWhAfAdb/ePZxsR/4RtNHQocxwk9r4=
rsc.io/binaryregexp v0.2.0/go.mod h1:qTv7/COck+e2FymRvadv62gMdZztPaShugOCi3I+8D8=
